
Microsoft Visual Studio Solution File, Format Version 11.00
# Visual Studio 2010
Project("{FAE04EC0-301F-11D3-BF4B-00C04F79EFBC}") = "Space Tower Defense", "Assembly-CSharp.csproj", "{1C76FCF2-D4F6-42B4-07D4-9A9E384F3514}"
EndProject
Project("{FAE04EC0-301F-11D3-BF4B-00C04F79EFBC}") = "Space Tower Defense", "Assembly-CSharp-Editor.csproj", "{05F48BF5-0F98-FF20-1D05-63F7BCAC93BF}"
EndProject
Global
	GlobalSection(SolutionConfigurationPlatforms) = preSolution
		Debug|Any CPU = Debug|Any CPU
		Release|Any CPU = Release|Any CPU
	EndGlobalSection
	GlobalSection(ProjectConfigurationPlatforms) = postSolution
		{1C76FCF2-D4F6-42B4-07D4-9A9E384F3514}.Debug|Any CPU.ActiveCfg = Debug|Any CPU
		{1C76FCF2-D4F6-42B4-07D4-9A9E384F3514}.Debug|Any CPU.Build.0 = Debug|Any CPU
		{1C76FCF2-D4F6-42B4-07D4-9A9E384F3514}.Release|Any CPU.ActiveCfg = Release|Any CPU
		{1C76FCF2-D4F6-42B4-07D4-9A9E384F3514}.Release|Any CPU.Build.0 = Release|Any CPU
		{05F48BF5-0F98-FF20-1D05-63F7BCAC93BF}.Debug|Any CPU.ActiveCfg = Debug|Any CPU
		{05F48BF5-0F98-FF20-1D05-63F7BCAC93BF}.Debug|Any CPU.Build.0 = Debug|Any CPU
		{05F48BF5-0F98-FF20-1D05-63F7BCAC93BF}.Release|Any CPU.ActiveCfg = Release|Any CPU
		{05F48BF5-0F98-FF20-1D05-63F7BCAC93BF}.Release|Any CPU.Build.0 = Release|Any CPU
	EndGlobalSection
	GlobalSection(SolutionProperties) = preSolution
		HideSolutionNode = FALSE
	EndGlobalSection
	GlobalSection(MonoDevelopProperties) = preSolution
		StartupItem = Assembly-CSharp.csproj
	EndGlobalSection
EndGlobal
